// !$*UTF8*$!
{
	archiveVersion = 1;
	classes = {
	};
	objectVersion = 50;
	objects = {

/* Begin PBXBuildFile section */
		A203935B2538267600D454E9 /* Pie.swift in Sources */ = {isa = PBXBuildFile; fileRef = A203935A2538267600D454E9 /* Pie.swift */; };
		A224B14D253978BC003C3B3A /* Cardify.swift in Sources */ = {isa = PBXBuildFile; fileRef = A224B14C253978BC003C3B3A /* Cardify.swift */; };
		A22B7A1C252EC21A00CA042F /* SwiftUIAppApp.swift in Sources */ = {isa = PBXBuildFile; fileRef = A22B7A1B252EC21A00CA042F /* SwiftUIAppApp.swift */; };
		A22B7A1E252EC21A00CA042F /* EmojiMemoryGameView.swift in Sources */ = {isa = PBXBuildFile; fileRef = A22B7A1D252EC21A00CA042F /* EmojiMemoryGameView.swift */; };
		A22B7A20252EC21B00CA042F /* Assets.xcassets in Resources */ = {isa = PBXBuildFile; fileRef = A22B7A1F252EC21B00CA042F /* Assets.xcassets */; };
		A22B7A23252EC21B00CA042F /* Preview Assets.xcassets in Resources */ = {isa = PBXBuildFile; fileRef = A22B7A22252EC21B00CA042F /* Preview Assets.xcassets */; };
		A22B7A2E252EC21C00CA042F /* SwiftUIAppTests.swift in Sources */ = {isa = PBXBuildFile; fileRef = A22B7A2D252EC21C00CA042F /* SwiftUIAppTests.swift */; };
		A22B7A39252EC21C00CA042F /* SwiftUIAppUITests.swift in Sources */ = {isa = PBXBuildFile; fileRef = A22B7A38252EC21C00CA042F /* SwiftUIAppUITests.swift */; };
		A22B7A4A252EC6B600CA042F /* MemoryGame.swift in Sources */ = {isa = PBXBuildFile; fileRef = A22B7A49252EC6B600CA042F /* MemoryGame.swift */; };
		A22B7A4F252EC90200CA042F /* EmojiMemoryGame.swift in Sources */ = {isa = PBXBuildFile; fileRef = A22B7A4E252EC90200CA042F /* EmojiMemoryGame.swift */; };
		A275146B25356619007C0721 /* Grid.swift in Sources */ = {isa = PBXBuildFile; fileRef = A275146A25356619007C0721 /* Grid.swift */; };
		A275147325357AF7007C0721 /* GridLayout.swift in Sources */ = {isa = PBXBuildFile; fileRef = A275147225357AF7007C0721 /* GridLayout.swift */; };
		A275147825357D9D007C0721 /* Array+Identifiable.swift in Sources */ = {isa = PBXBuildFile; fileRef = A275147725357D9D007C0721 /* Array+Identifiable.swift */; };
		A29A8A252536E9A600676BE7 /* Array+Only.swift in Sources */ = {isa = PBXBuildFile; fileRef = A29A8A242536E9A600676BE7 /* Array+Only.swift */; };
/* End PBXBuildFile section */

/* Begin PBXContainerItemProxy section */
		A22B7A2A252EC21C00CA042F /* PBXContainerItemProxy */ = {
			isa = PBXContainerItemProxy;
			containerPortal = A22B7A10252EC21A00CA042F /* Project object */;
			proxyType = 1;
			remoteGlobalIDString = A22B7A17252EC21A00CA042F;
			remoteInfo = SwiftUIApp;
		};
		A22B7A35252EC21C00CA042F /* PBXContainerItemProxy */ = {
			isa = PBXContainerItemProxy;
			containerPortal = A22B7A10252EC21A00CA042F /* Project object */;
			proxyType = 1;
			remoteGlobalIDString = A22B7A17252EC21A00CA042F;
			remoteInfo = SwiftUIApp;
		};
/* End PBXContainerItemProxy section */

/* Begin PBXFileReference section */
		A203935A2538267600D454E9 /* Pie.swift */ = {isa = PBXFileReference; lastKnownFileType = sourcecode.swift; path = Pie.swift; sourceTree = "<group>"; };
		A224B14C253978BC003C3B3A /* Cardify.swift */ = {isa = PBXFileReference; lastKnownFileType = sourcecode.swift; path = Cardify.swift; sourceTree = "<group>"; };
		A22B7A18252EC21A00CA042F /* SwiftUIApp.app */ = {isa = PBXFileReference; explicitFileType = wrapper.application; includeInIndex = 0; path = SwiftUIApp.app; sourceTree = BUILT_PRODUCTS_DIR; };
		A22B7A1B252EC21A00CA042F /* SwiftUIAppApp.swift */ = {isa = PBXFileReference; lastKnownFileType = sourcecode.swift; path = SwiftUIAppApp.swift; sourceTree = "<group>"; };
		A22B7A1D252EC21A00CA042F /* EmojiMemoryGameView.swift */ = {isa = PBXFileReference; lastKnownFileType = sourcecode.swift; path = EmojiMemoryGameView.swift; sourceTree = "<group>"; };
		A22B7A1F252EC21B00CA042F /* Assets.xcassets */ = {isa = PBXFileReference; lastKnownFileType = folder.assetcatalog; path = Assets.xcassets; sourceTree = "<group>"; };
		A22B7A22252EC21B00CA042F /* Preview Assets.xcassets */ = {isa = PBXFileReference; lastKnownFileType = folder.assetcatalog; path = "Preview Assets.xcassets"; sourceTree = "<group>"; };
		A22B7A24252EC21B00CA042F /* Info.plist */ = {isa = PBXFileReference; lastKnownFileType = text.plist.xml; path = Info.plist; sourceTree = "<group>"; };
		A22B7A29252EC21C00CA042F /* SwiftUIAppTests.xctest */ = {isa = PBXFileReference; explicitFileType = wrapper.cfbundle; includeInIndex = 0; path = SwiftUIAppTests.xctest; sourceTree = BUILT_PRODUCTS_DIR; };
		A22B7A2D252EC21C00CA042F /* SwiftUIAppTests.swift */ = {isa = PBXFileReference; lastKnownFileType = sourcecode.swift; path = SwiftUIAppTests.swift; sourceTree = "<group>"; };
		A22B7A2F252EC21C00CA042F /* Info.plist */ = {isa = PBXFileReference; lastKnownFileType = text.plist.xml; path = Info.plist; sourceTree = "<group>"; };
		A22B7A34252EC21C00CA042F /* SwiftUIAppUITests.xctest */ = {isa = PBXFileReference; explicitFileType = wrapper.cfbundle; includeInIndex = 0; path = SwiftUIAppUITests.xctest; sourceTree = BUILT_PRODUCTS_DIR; };
		A22B7A38252EC21C00CA042F /* SwiftUIAppUITests.swift */ = {isa = PBXFileReference; lastKnownFileType = sourcecode.swift; path = SwiftUIAppUITests.swift; sourceTree = "<group>"; };
		A22B7A3A252EC21C00CA042F /* Info.plist */ = {isa = PBXFileReference; lastKnownFileType = text.plist.xml; path = Info.plist; sourceTree = "<group>"; };
		A22B7A49252EC6B600CA042F /* MemoryGame.swift */ = {isa = PBXFileReference; lastKnownFileType = sourcecode.swift; path = MemoryGame.swift; sourceTree = "<group>"; };
		A22B7A4E252EC90200CA042F /* EmojiMemoryGame.swift */ = {isa = PBXFileReference; lastKnownFileType = sourcecode.swift; path = EmojiMemoryGame.swift; sourceTree = "<group>"; };
		A275146A25356619007C0721 /* Grid.swift */ = {isa = PBXFileReference; lastKnownFileType = sourcecode.swift; path = Grid.swift; sourceTree = "<group>"; };
		A275147225357AF7007C0721 /* GridLayout.swift */ = {isa = PBXFileReference; fileEncoding = 4; lastKnownFileType = sourcecode.swift; path = GridLayout.swift; sourceTree = "<group>"; };
		A275147725357D9D007C0721 /* Array+Identifiable.swift */ = {isa = PBXFileReference; lastKnownFileType = sourcecode.swift; path = "Array+Identifiable.swift"; sourceTree = "<group>"; };
		A29A8A242536E9A600676BE7 /* Array+Only.swift */ = {isa = PBXFileReference; lastKnownFileType = sourcecode.swift; path = "Array+Only.swift"; sourceTree = "<group>"; };
/* End PBXFileReference section */

/* Begin PBXFrameworksBuildPhase section */
		A22B7A15252EC21A00CA042F /* Frameworks */ = {
			isa = PBXFrameworksBuildPhase;
			buildActionMask = 2147483647;
			files = (
			);
			runOnlyForDeploymentPostprocessing = 0;
		};
		A22B7A26252EC21C00CA042F /* Frameworks */ = {
			isa = PBXFrameworksBuildPhase;
			buildActionMask = 2147483647;
			files = (
			);
			runOnlyForDeploymentPostprocessing = 0;
		};
		A22B7A31252EC21C00CA042F /* Frameworks */ = {
			isa = PBXFrameworksBuildPhase;
			buildActionMask = 2147483647;
			files = (
			);
			runOnlyForDeploymentPostprocessing = 0;
		};
/* End PBXFrameworksBuildPhase section */

/* Begin PBXGroup section */
		A22B7A0F252EC21A00CA042F = {
			isa = PBXGroup;
			children = (
				A22B7A1A252EC21A00CA042F /* SwiftUIApp */,
				A22B7A2C252EC21C00CA042F /* SwiftUIAppTests */,
				A22B7A37252EC21C00CA042F /* SwiftUIAppUITests */,
				A22B7A19252EC21A00CA042F /* Products */,
			);
			sourceTree = "<group>";
		};
		A22B7A19252EC21A00CA042F /* Products */ = {
			isa = PBXGroup;
			children = (
				A22B7A18252EC21A00CA042F /* SwiftUIApp.app */,
				A22B7A29252EC21C00CA042F /* SwiftUIAppTests.xctest */,
				A22B7A34252EC21C00CA042F /* SwiftUIAppUITests.xctest */,
			);
			name = Products;
			sourceTree = "<group>";
		};
		A22B7A1A252EC21A00CA042F /* SwiftUIApp */ = {
			isa = PBXGroup;
			children = (
				A22B7A1B252EC21A00CA042F /* SwiftUIAppApp.swift */,
				A22B7A49252EC6B600CA042F /* MemoryGame.swift */,
				A22B7A4E252EC90200CA042F /* EmojiMemoryGame.swift */,
				A22B7A1D252EC21A00CA042F /* EmojiMemoryGameView.swift */,
				A203935A2538267600D454E9 /* Pie.swift */,
				A275146A25356619007C0721 /* Grid.swift */,
				A275147725357D9D007C0721 /* Array+Identifiable.swift */,
				A29A8A242536E9A600676BE7 /* Array+Only.swift */,
				A275147225357AF7007C0721 /* GridLayout.swift */,
				A224B14C253978BC003C3B3A /* Cardify.swift */,
				A22B7A1F252EC21B00CA042F /* Assets.xcassets */,
				A22B7A24252EC21B00CA042F /* Info.plist */,
				A22B7A21252EC21B00CA042F /* Preview Content */,
			);
			path = SwiftUIApp;
			sourceTree = "<group>";
		};
		A22B7A21252EC21B00CA042F /* Preview Content */ = {
			isa = PBXGroup;
			children = (
				A22B7A22252EC21B00CA042F /* Preview Assets.xcassets */,
			);
			path = "Preview Content";
			sourceTree = "<group>";
		};
		A22B7A2C252EC21C00CA042F /* SwiftUIAppTests */ = {
			isa = PBXGroup;
			children = (
				A22B7A2D252EC21C00CA042F /* SwiftUIAppTests.swift */,
				A22B7A2F252EC21C00CA042F /* Info.plist */,
			);
			path = SwiftUIAppTests;
			sourceTree = "<group>";
		};
		A22B7A37252EC21C00CA042F /* SwiftUIAppUITests */ = {
			isa = PBXGroup;
			children = (
				A22B7A38252EC21C00CA042F /* SwiftUIAppUITests.swift */,
				A22B7A3A252EC21C00CA042F /* Info.plist */,
			);
			path = SwiftUIAppUITests;
			sourceTree = "<group>";
		};
/* End PBXGroup section */

/* Begin PBXNativeTarget section */
		A22B7A17252EC21A00CA042F /* SwiftUIApp */ = {
			isa = PBXNativeTarget;
			buildConfigurationList = A22B7A3D252EC21C00CA042F /* Build configuration list for PBXNativeTarget "SwiftUIApp" */;
			buildPhases = (
				A22B7A14252EC21A00CA042F /* Sources */,
				A22B7A15252EC21A00CA042F /* Frameworks */,
				A22B7A16252EC21A00CA042F /* Resources */,
			);
			buildRules = (
			);
			dependencies = (
			);
			name = SwiftUIApp;
			productName = SwiftUIApp;
			productReference = A22B7A18252EC21A00CA042F /* SwiftUIApp.app */;
			productType = "com.apple.product-type.application";
		};
		A22B7A28252EC21C00CA042F /* SwiftUIAppTests */ = {
			isa = PBXNativeTarget;
			buildConfigurationList = A22B7A40252EC21C00CA042F /* Build configuration list for PBXNativeTarget "SwiftUIAppTests" */;
			buildPhases = (
				A22B7A25252EC21C00CA042F /* Sources */,
				A22B7A26252EC21C00CA042F /* Frameworks */,
				A22B7A27252EC21C00CA042F /* Resources */,
			);
			buildRules = (
			);
			dependencies = (
				A22B7A2B252EC21C00CA042F /* PBXTargetDependency */,
			);
			name = SwiftUIAppTests;
			productName = SwiftUIAppTests;
			productReference = A22B7A29252EC21C00CA042F /* SwiftUIAppTests.xctest */;
			productType = "com.apple.product-type.bundle.unit-test";
		};
		A22B7A33252EC21C00CA042F /* SwiftUIAppUITests */ = {
			isa = PBXNativeTarget;
			buildConfigurationList = A22B7A43252EC21C00CA042F /* Build configuration list for PBXNativeTarget "SwiftUIAppUITests" */;
			buildPhases = (
				A22B7A30252EC21C00CA042F /* Sources */,
				A22B7A31252EC21C00CA042F /* Frameworks */,
				A22B7A32252EC21C00CA042F /* Resources */,
			);
			buildRules = (
			);
			dependencies = (
				A22B7A36252EC21C00CA042F /* PBXTargetDependency */,
			);
			name = SwiftUIAppUITests;
			productName = SwiftUIAppUITests;
			productReference = A22B7A34252EC21C00CA042F /* SwiftUIAppUITests.xctest */;
			productType = "com.apple.product-type.bundle.ui-testing";
		};
/* End PBXNativeTarget section */

/* Begin PBXProject section */
		A22B7A10252EC21A00CA042F /* Project object */ = {
			isa = PBXProject;
			attributes = {
				LastSwiftUpdateCheck = 1200;
				LastUpgradeCheck = 1200;
				TargetAttributes = {
					A22B7A17252EC21A00CA042F = {
						CreatedOnToolsVersion = 12.0.1;
					};
					A22B7A28252EC21C00CA042F = {
						CreatedOnToolsVersion = 12.0.1;
						TestTargetID = A22B7A17252EC21A00CA042F;
					};
					A22B7A33252EC21C00CA042F = {
						CreatedOnToolsVersion = 12.0.1;
						TestTargetID = A22B7A17252EC21A00CA042F;
					};
				};
			};
			buildConfigurationList = A22B7A13252EC21A00CA042F /* Build configuration list for PBXProject "SwiftUIApp" */;
			compatibilityVersion = "Xcode 9.3";
			developmentRegion = en;
			hasScannedForEncodings = 0;
			knownRegions = (
				en,
				Base,
			);
			mainGroup = A22B7A0F252EC21A00CA042F;
			productRefGroup = A22B7A19252EC21A00CA042F /* Products */;
			projectDirPath = "";
			projectRoot = "";
			targets = (
				A22B7A17252EC21A00CA042F /* SwiftUIApp */,
				A22B7A28252EC21C00CA042F /* SwiftUIAppTests */,
				A22B7A33252EC21C00CA042F /* SwiftUIAppUITests */,
			);
		};
/* End PBXProject section */

/* Begin PBXResourcesBuildPhase section */
		A22B7A16252EC21A00CA042F /* Resources */ = {
			isa = PBXResourcesBuildPhase;
			buildActionMask = 2147483647;
			files = (
				A22B7A23252EC21B00CA042F /* Preview Assets.xcassets in Resources */,
				A22B7A20252EC21B00CA042F /* Assets.xcassets in Resources */,
			);
			runOnlyForDeploymentPostprocessing = 0;
		};
		A22B7A27252EC21C00CA042F /* Resources */ = {
			isa = PBXResourcesBuildPhase;
			buildActionMask = 2147483647;
			files = (
			);
			runOnlyForDeploymentPostprocessing = 0;
		};
		A22B7A32252EC21C00CA042F /* Resources */ = {
			isa = PBXResourcesBuildPhase;
			buildActionMask = 2147483647;
			files = (
			);
			runOnlyForDeploymentPostprocessing = 0;
		};
/* End PBXResourcesBuildPhase section */

/* Begin PBXSourcesBuildPhase section */
		A22B7A14252EC21A00CA042F /* Sources */ = {
			isa = PBXSourcesBuildPhase;
			buildActionMask = 2147483647;
			files = (
				A22B7A4A252EC6B600CA042F /* MemoryGame.swift in Sources */,
				A22B7A1E252EC21A00CA042F /* EmojiMemoryGameView.swift in Sources */,
				A22B7A1C252EC21A00CA042F /* SwiftUIAppApp.swift in Sources */,
				A203935B2538267600D454E9 /* Pie.swift in Sources */,
				A275147325357AF7007C0721 /* GridLayout.swift in Sources */,
				A275146B25356619007C0721 /* Grid.swift in Sources */,
				A275147825357D9D007C0721 /* Array+Identifiable.swift in Sources */,
				A22B7A4F252EC90200CA042F /* EmojiMemoryGame.swift in Sources */,
				A224B14D253978BC003C3B3A /* Cardify.swift in Sources */,
				A29A8A252536E9A600676BE7 /* Array+Only.swift in Sources */,
			);
			runOnlyForDeploymentPostprocessing = 0;
		};
		A22B7A25252EC21C00CA042F /* Sources */ = {
			isa = PBXSourcesBuildPhase;
			buildActionMask = 2147483647;
			files = (
				A22B7A2E252EC21C00CA042F /* SwiftUIAppTests.swift in Sources */,
			);
			runOnlyForDeploymentPostprocessing = 0;
		};
		A22B7A30252EC21C00CA042F /* Sources */ = {
			isa = PBXSourcesBuildPhase;
			buildActionMask = 2147483647;
			files = (
				A22B7A39252EC21C00CA042F /* SwiftUIAppUITests.swift in Sources */,
			);
			runOnlyForDeploymentPostprocessing = 0;
		};
/* End PBXSourcesBuildPhase section */

/* Begin PBXTargetDependency section */
		A22B7A2B252EC21C00CA042F /* PBXTargetDependency */ = {
			isa = PBXTargetDependency;
			target = A22B7A17252EC21A00CA042F /* SwiftUIApp */;
			targetProxy = A22B7A2A252EC21C00CA042F /* PBXContainerItemProxy */;
		};
		A22B7A36252EC21C00CA042F /* PBXTargetDependency */ = {
			isa = PBXTargetDependency;
			target = A22B7A17252EC21A00CA042F /* SwiftUIApp */;
			targetProxy = A22B7A35252EC21C00CA042F /* PBXContainerItemProxy */;
		};
/* End PBXTargetDependency section */

/* Begin XCBuildConfiguration section */
		A22B7A3B252EC21C00CA042F /* Debug */ = {
			isa = XCBuildConfiguration;
			buildSettings = {
				ALWAYS_SEARCH_USER_PATHS = NO;
				CLANG_ANALYZER_NONNULL = YES;
				CLANG_ANALYZER_NUMBER_OBJECT_CONVERSION = YES_AGGRESSIVE;
				CLANG_CXX_LANGUAGE_STANDARD = "gnu++14";
				CLANG_CXX_LIBRARY = "libc++";
				CLANG_ENABLE_MODULES = YES;
				CLANG_ENABLE_OBJC_ARC = YES;
				CLANG_ENABLE_OBJC_WEAK = YES;
				CLANG_WARN_BLOCK_CAPTURE_AUTORELEASING = YES;
				CLANG_WARN_BOOL_CONVERSION = YES;
				CLANG_WARN_COMMA = YES;
				CLANG_WARN_CONSTANT_CONVERSION = YES;
				CLANG_WARN_DEPRECATED_OBJC_IMPLEMENTATIONS = YES;
				CLANG_WARN_DIRECT_OBJC_ISA_USAGE = YES_ERROR;
				CLANG_WARN_DOCUMENTATION_COMMENTS = YES;
				CLANG_WARN_EMPTY_BODY = YES;
				CLANG_WARN_ENUM_CONVERSION = YES;
				CLANG_WARN_INFINITE_RECURSION = YES;
				CLANG_WARN_INT_CONVERSION = YES;
				CLANG_WARN_NON_LITERAL_NULL_CONVERSION = YES;
				CLANG_WARN_OBJC_IMPLICIT_RETAIN_SELF = YES;
				CLANG_WARN_OBJC_LITERAL_CONVERSION = YES;
				CLANG_WARN_OBJC_ROOT_CLASS = YES_ERROR;
				CLANG_WARN_QUOTED_INCLUDE_IN_FRAMEWORK_HEADER = YES;
				CLANG_WARN_RANGE_LOOP_ANALYSIS = YES;
				CLANG_WARN_STRICT_PROTOTYPES = YES;
				CLANG_WARN_SUSPICIOUS_MOVE = YES;
				CLANG_WARN_UNGUARDED_AVAILABILITY = YES_AGGRESSIVE;
				CLANG_WARN_UNREACHABLE_CODE = YES;
				CLANG_WARN__DUPLICATE_METHOD_MATCH = YES;
				COPY_PHASE_STRIP = NO;
				DEBUG_INFORMATION_FORMAT = dwarf;
				ENABLE_STRICT_OBJC_MSGSEND = YES;
				ENABLE_TESTABILITY = YES;
				GCC_C_LANGUAGE_STANDARD = gnu11;
				GCC_DYNAMIC_NO_PIC = NO;
				GCC_NO_COMMON_BLOCKS = YES;
				GCC_OPTIMIZATION_LEVEL = 0;
				GCC_PREPROCESSOR_DEFINITIONS = (
					"DEBUG=1",
					"$(inherited)",
				);
				GCC_WARN_64_TO_32_BIT_CONVERSION = YES;
				GCC_WARN_ABOUT_RETURN_TYPE = YES_ERROR;
				GCC_WARN_UNDECLARED_SELECTOR = YES;
				GCC_WARN_UNINITIALIZED_AUTOS = YES_AGGRESSIVE;
				GCC_WARN_UNUSED_FUNCTION = YES;
				GCC_WARN_UNUSED_VARIABLE = YES;
				IPHONEOS_DEPLOYMENT_TARGET = 14.0;
				MTL_ENABLE_DEBUG_INFO = INCLUDE_SOURCE;
				MTL_FAST_MATH = YES;
				ONLY_ACTIVE_ARCH = YES;
				SDKROOT = iphoneos;
				SWIFT_ACTIVE_COMPILATION_CONDITIONS = DEBUG;
				SWIFT_OPTIMIZATION_LEVEL = "-Onone";
			};
			name = Debug;
		};
		A22B7A3C252EC21C00CA042F /* Release */ = {
			isa = XCBuildConfiguration;
			buildSettings = {
				ALWAYS_SEARCH_USER_PATHS = NO;
				CLANG_ANALYZER_NONNULL = YES;
				CLANG_ANALYZER_NUMBER_OBJECT_CONVERSION = YES_AGGRESSIVE;
				CLANG_CXX_LANGUAGE_STANDARD = "gnu++14";
				CLANG_CXX_LIBRARY = "libc++";
				CLANG_ENABLE_MODULES = YES;
				CLANG_ENABLE_OBJC_ARC = YES;
				CLANG_ENABLE_OBJC_WEAK = YES;
				CLANG_WARN_BLOCK_CAPTURE_AUTORELEASING = YES;
				CLANG_WARN_BOOL_CONVERSION = YES;
				CLANG_WARN_COMMA = YES;
				CLANG_WARN_CONSTANT_CONVERSION = YES;
				CLANG_WARN_DEPRECATED_OBJC_IMPLEMENTATIONS = YES;
				CLANG_WARN_DIRECT_OBJC_ISA_USAGE = YES_ERROR;
				CLANG_WARN_DOCUMENTATION_COMMENTS = YES;
				CLANG_WARN_EMPTY_BODY = YES;
				CLANG_WARN_ENUM_CONVERSION = YES;
				CLANG_WARN_INFINITE_RECURSION = YES;
				CLANG_WARN_INT_CONVERSION = YES;
				CLANG_WARN_NON_LITERAL_NULL_CONVERSION = YES;
				CLANG_WARN_OBJC_IMPLICIT_RETAIN_SELF = YES;
				CLANG_WARN_OBJC_LITERAL_CONVERSION = YES;
				CLANG_WARN_OBJC_ROOT_CLASS = YES_ERROR;
				CLANG_WARN_QUOTED_INCLUDE_IN_FRAMEWORK_HEADER = YES;
				CLANG_WARN_RANGE_LOOP_ANALYSIS = YES;
				CLANG_WARN_STRICT_PROTOTYPES = YES;
				CLANG_WARN_SUSPICIOUS_MOVE = YES;
				CLANG_WARN_UNGUARDED_AVAILABILITY = YES_AGGRESSIVE;
				CLANG_WARN_UNREACHABLE_CODE = YES;
				CLANG_WARN__DUPLICATE_METHOD_MATCH = YES;
				COPY_PHASE_STRIP = NO;
				DEBUG_INFORMATION_FORMAT = "dwarf-with-dsym";
				ENABLE_NS_ASSERTIONS = NO;
				ENABLE_STRICT_OBJC_MSGSEND = YES;
				GCC_C_LANGUAGE_STANDARD = gnu11;
				GCC_NO_COMMON_BLOCKS = YES;
				GCC_WARN_64_TO_32_BIT_CONVERSION = YES;
				GCC_WARN_ABOUT_RETURN_TYPE = YES_ERROR;
				GCC_WARN_UNDECLARED_SELECTOR = YES;
				GCC_WARN_UNINITIALIZED_AUTOS = YES_AGGRESSIVE;
				GCC_WARN_UNUSED_FUNCTION = YES;
				GCC_WARN_UNUSED_VARIABLE = YES;
				IPHONEOS_DEPLOYMENT_TARGET = 14.0;
				MTL_ENABLE_DEBUG_INFO = NO;
				MTL_FAST_MATH = YES;
				SDKROOT = iphoneos;
				SWIFT_COMPILATION_MODE = wholemodule;
				SWIFT_OPTIMIZATION_LEVEL = "-O";
				VALIDATE_PRODUCT = YES;
			};
			name = Release;
		};
		A22B7A3E252EC21C00CA042F /* Debug */ = {
			isa = XCBuildConfiguration;
			buildSettings = {
				ASSETCATALOG_COMPILER_APPICON_NAME = AppIcon;
				ASSETCATALOG_COMPILER_GLOBAL_ACCENT_COLOR_NAME = AccentColor;
				CODE_SIGN_STYLE = Automatic;
				DEVELOPMENT_ASSET_PATHS = "\"SwiftUIApp/Preview Content\"";
				DEVELOPMENT_TEAM = HCYK33GWAM;
				ENABLE_PREVIEWS = YES;
				INFOPLIST_FILE = SwiftUIApp/Info.plist;
				IPHONEOS_DEPLOYMENT_TARGET = 14.0;
				LD_RUNPATH_SEARCH_PATHS = (
					"$(inherited)",
					"@executable_path/Frameworks",
				);
				PRODUCT_BUNDLE_IDENTIFIER = Darko.SwiftUIApp;
				PRODUCT_NAME = "$(TARGET_NAME)";
				SWIFT_VERSION = 5.0;
				TARGETED_DEVICE_FAMILY = "1,2";
			};
			name = Debug;
		};
		A22B7A3F252EC21C00CA042F /* Release */ = {
			isa = XCBuildConfiguration;
			buildSettings = {
				ASSETCATALOG_COMPILER_APPICON_NAME = AppIcon;
				ASSETCATALOG_COMPILER_GLOBAL_ACCENT_COLOR_NAME = AccentColor;
				CODE_SIGN_STYLE = Automatic;
				DEVELOPMENT_ASSET_PATHS = "\"SwiftUIApp/Preview Content\"";
				DEVELOPMENT_TEAM = HCYK33GWAM;
				ENABLE_PREVIEWS = YES;
				INFOPLIST_FILE = SwiftUIApp/Info.plist;
				IPHONEOS_DEPLOYMENT_TARGET = 14.0;
				LD_RUNPATH_SEARCH_PATHS = (
					"$(inherited)",
					"@executable_path/Frameworks",
				);
				PRODUCT_BUNDLE_IDENTIFIER = Darko.SwiftUIApp;
				PRODUCT_NAME = "$(TARGET_NAME)";
				SWIFT_VERSION = 5.0;
				TARGETED_DEVICE_FAMILY = "1,2";
			};
			name = Release;
		};
		A22B7A41252EC21C00CA042F /* Debug */ = {
			isa = XCBuildConfiguration;
			buildSettings = {
				ALWAYS_EMBED_SWIFT_STANDARD_LIBRARIES = YES;
				BUNDLE_LOADER = "$(TEST_HOST)";
				CODE_SIGN_STYLE = Automatic;
				DEVELOPMENT_TEAM = HCYK33GWAM;
				INFOPLIST_FILE = SwiftUIAppTests/Info.plist;
				IPHONEOS_DEPLOYMENT_TARGET = 14.0;
				LD_RUNPATH_SEARCH_PATHS = (
					"$(inherited)",
					"@executable_path/Frameworks",
					"@loader_path/Frameworks",
				);
				PRODUCT_BUNDLE_IDENTIFIER = Darko.SwiftUIAppTests;
				PRODUCT_NAME = "$(TARGET_NAME)";
				SWIFT_VERSION = 5.0;
				TARGETED_DEVICE_FAMILY = "1,2";
				TEST_HOST = "$(BUILT_PRODUCTS_DIR)/SwiftUIApp.app/SwiftUIApp";
			};
			name = Debug;
		};
		A22B7A42252EC21C00CA042F /* Release */ = {
			isa = XCBuildConfiguration;
			buildSettings = {
				ALWAYS_EMBED_SWIFT_STANDARD_LIBRARIES = YES;
				BUNDLE_LOADER = "$(TEST_HOST)";
				CODE_SIGN_STYLE = Automatic;
				DEVELOPMENT_TEAM = HCYK33GWAM;
				INFOPLIST_FILE = SwiftUIAppTests/Info.plist;
				IPHONEOS_DEPLOYMENT_TARGET = 14.0;
				LD_RUNPATH_SEARCH_PATHS = (
					"$(inherited)",
					"@executable_path/Frameworks",
					"@loader_path/Frameworks",
				);
				PRODUCT_BUNDLE_IDENTIFIER = Darko.SwiftUIAppTests;
				PRODUCT_NAME = "$(TARGET_NAME)";
				SWIFT_VERSION = 5.0;
				TARGETED_DEVICE_FAMILY = "1,2";
				TEST_HOST = "$(BUILT_PRODUCTS_DIR)/SwiftUIApp.app/SwiftUIApp";
			};
			name = Release;
		};
		A22B7A44252EC21C00CA042F /* Debug */ = {
			isa = XCBuildConfiguration;
			buildSettings = {
				ALWAYS_EMBED_SWIFT_STANDARD_LIBRARIES = YES;
				CODE_SIGN_STYLE = Automatic;
				DEVELOPMENT_TEAM = HCYK33GWAM;
				INFOPLIST_FILE = SwiftUIAppUITests/Info.plist;
				LD_RUNPATH_SEARCH_PATHS = (
					"$(inherited)",
					"@executable_path/Frameworks",
					"@loader_path/Frameworks",
				);
				PRODUCT_BUNDLE_IDENTIFIER = Darko.SwiftUIAppUITests;
				PRODUCT_NAME = "$(TARGET_NAME)";
				SWIFT_VERSION = 5.0;
				TARGETED_DEVICE_FAMILY = "1,2";
				TEST_TARGET_NAME = SwiftUIApp;
			};
			name = Debug;
		};
		A22B7A45252EC21C00CA042F /* Release */ = {
			isa = XCBuildConfiguration;
			buildSettings = {
				ALWAYS_EMBED_SWIFT_STANDARD_LIBRARIES = YES;
				CODE_SIGN_STYLE = Automatic;
				DEVELOPMENT_TEAM = HCYK33GWAM;
				INFOPLIST_FILE = SwiftUIAppUITests/Info.plist;
				LD_RUNPATH_SEARCH_PATHS = (
					"$(inherited)",
					"@executable_path/Frameworks",
					"@loader_path/Frameworks",
				);
				PRODUCT_BUNDLE_IDENTIFIER = Darko.SwiftUIAppUITests;
				PRODUCT_NAME = "$(TARGET_NAME)";
				SWIFT_VERSION = 5.0;
				TARGETED_DEVICE_FAMILY = "1,2";
				TEST_TARGET_NAME = SwiftUIApp;
			};
			name = Release;
		};
/* End XCBuildConfiguration section */

/* Begin XCConfigurationList section */
		A22B7A13252EC21A00CA042F /* Build configuration list for PBXProject "SwiftUIApp" */ = {
			isa = XCConfigurationList;
			buildConfigurations = (
				A22B7A3B252EC21C00CA042F /* Debug */,
				A22B7A3C252EC21C00CA042F /* Release */,
			);
			defaultConfigurationIsVisible = 0;
			defaultConfigurationName = Release;
		};
		A22B7A3D252EC21C00CA042F /* Build configuration list for PBXNativeTarget "SwiftUIApp" */ = {
			isa = XCConfigurationList;
			buildConfigurations = (
				A22B7A3E252EC21C00CA042F /* Debug */,
				A22B7A3F252EC21C00CA042F /* Release */,
			);
			defaultConfigurationIsVisible = 0;
			defaultConfigurationName = Release;
		};
		A22B7A40252EC21C00CA042F /* Build configuration list for PBXNativeTarget "SwiftUIAppTests" */ = {
			isa = XCConfigurationList;
			buildConfigurations = (
				A22B7A41252EC21C00CA042F /* Debug */,
				A22B7A42252EC21C00CA042F /* Release */,
			);
			defaultConfigurationIsVisible = 0;
			defaultConfigurationName = Release;
		};
		A22B7A43252EC21C00CA042F /* Build configuration list for PBXNativeTarget "SwiftUIAppUITests" */ = {
			isa = XCConfigurationList;
			buildConfigurations = (
				A22B7A44252EC21C00CA042F /* Debug */,
				A22B7A45252EC21C00CA042F /* Release */,
			);
			defaultConfigurationIsVisible = 0;
			defaultConfigurationName = Release;
		};
/* End XCConfigurationList section */
	};
	rootObject = A22B7A10252EC21A00CA042F /* Project object */;
}
